
Microsoft Visual Studio Solution File, Format Version 12.00
# Visual Studio Version 17
VisualStudioVersion = 17.5.002.0
MinimumVisualStudioVersion = 10.0.40219.1
Project("{9A19103F-16F7-4668-BE54-9A1E7A4F7556}") = "DotMP-Tests", "DotMP-Tests.csproj", "{19803A2D-8BE9-4C43-B6B3-0651D9C30872}"
EndProject
Global
	GlobalSection(SolutionConfigurationPlatforms) = preSolution
		Debug|Any CPU = Debug|Any CPU
		Release|Any CPU = Release|Any CPU
	EndGlobalSection
	GlobalSection(ProjectConfigurationPlatforms) = postSolution
		{19803A2D-8BE9-4C43-B6B3-0651D9C30872}.Debug|Any CPU.ActiveCfg = Debug|Any CPU
		{19803A2D-8BE9-4C43-B6B3-0651D9C30872}.Debug|Any CPU.Build.0 = Debug|Any CPU
		{19803A2D-8BE9-4C43-B6B3-0651D9C30872}.Release|Any CPU.ActiveCfg = Release|Any CPU
		{19803A2D-8BE9-4C43-B6B3-0651D9C30872}.Release|Any CPU.Build.0 = Release|Any CPU
	EndGlobalSection
	GlobalSection(SolutionProperties) = preSolution
		HideSolutionNode = FALSE
	EndGlobalSection
	GlobalSection(ExtensibilityGlobals) = postSolution
		SolutionGuid = {A8FFED55-3020-45AD-89C2-C19A93EAB95C}
	EndGlobalSection
EndGlobal
