
Microsoft Visual Studio Solution File, Format Version 12.00
# Visual Studio Version 17
VisualStudioVersion = 17.5.002.0
MinimumVisualStudioVersion = 10.0.40219.1
Project("{9A19103F-16F7-4668-BE54-9A1E7A4F7556}") = "KNN", "KNN.csproj", "{0260DB7F-8C67-42A5-A4B6-66A3EC0E95DB}"
EndProject
Global
	GlobalSection(SolutionConfigurationPlatforms) = preSolution
		Debug|Any CPU = Debug|Any CPU
		Release|Any CPU = Release|Any CPU
	EndGlobalSection
	GlobalSection(ProjectConfigurationPlatforms) = postSolution
		{0260DB7F-8C67-42A5-A4B6-66A3EC0E95DB}.Debug|Any CPU.ActiveCfg = Debug|Any CPU
		{0260DB7F-8C67-42A5-A4B6-66A3EC0E95DB}.Debug|Any CPU.Build.0 = Debug|Any CPU
		{0260DB7F-8C67-42A5-A4B6-66A3EC0E95DB}.Release|Any CPU.ActiveCfg = Release|Any CPU
		{0260DB7F-8C67-42A5-A4B6-66A3EC0E95DB}.Release|Any CPU.Build.0 = Release|Any CPU
	EndGlobalSection
	GlobalSection(SolutionProperties) = preSolution
		HideSolutionNode = FALSE
	EndGlobalSection
	GlobalSection(ExtensibilityGlobals) = postSolution
		SolutionGuid = {AEB4E020-A8E5-48C3-A343-84A0FEBE91E2}
	EndGlobalSection
EndGlobal
