
Microsoft Visual Studio Solution File, Format Version 12.00
# Visual Studio Version 17
VisualStudioVersion = 17.2.32602.215
MinimumVisualStudioVersion = 10.0.40219.1
Project("{9A19103F-16F7-4668-BE54-9A1E7A4F7556}") = "DotMP", "DotMP.csproj", "{FBB6A87A-06EB-4C00-9CA4-4D42B9E53A54}"
EndProject
Project("{FAE04EC0-301F-11D3-BF4B-00C04F79EFBC}") = "DotMP-Tests", "..\DotMP-Tests\DotMP-Tests.csproj", "{03183624-736C-4594-9E3B-AE8F03B4B47A}"
EndProject
Global
	GlobalSection(SolutionConfigurationPlatforms) = preSolution
		Debug|Any CPU = Debug|Any CPU
		Release|Any CPU = Release|Any CPU
	EndGlobalSection
	GlobalSection(ProjectConfigurationPlatforms) = postSolution
		{82527357-7DF0-4981-8EE2-245A2042B0A9}.Debug|Any CPU.ActiveCfg = Debug|Any CPU
		{82527357-7DF0-4981-8EE2-245A2042B0A9}.Debug|Any CPU.Build.0 = Debug|Any CPU
		{82527357-7DF0-4981-8EE2-245A2042B0A9}.Release|Any CPU.ActiveCfg = Release|Any CPU
		{82527357-7DF0-4981-8EE2-245A2042B0A9}.Release|Any CPU.Build.0 = Release|Any CPU
		{FBB6A87A-06EB-4C00-9CA4-4D42B9E53A54}.Debug|Any CPU.ActiveCfg = Debug|Any CPU
		{FBB6A87A-06EB-4C00-9CA4-4D42B9E53A54}.Debug|Any CPU.Build.0 = Debug|Any CPU
		{FBB6A87A-06EB-4C00-9CA4-4D42B9E53A54}.Release|Any CPU.ActiveCfg = Release|Any CPU
		{FBB6A87A-06EB-4C00-9CA4-4D42B9E53A54}.Release|Any CPU.Build.0 = Release|Any CPU
		{03183624-736C-4594-9E3B-AE8F03B4B47A}.Debug|Any CPU.ActiveCfg = Debug|Any CPU
		{03183624-736C-4594-9E3B-AE8F03B4B47A}.Debug|Any CPU.Build.0 = Debug|Any CPU
		{03183624-736C-4594-9E3B-AE8F03B4B47A}.Release|Any CPU.ActiveCfg = Release|Any CPU
		{03183624-736C-4594-9E3B-AE8F03B4B47A}.Release|Any CPU.Build.0 = Release|Any CPU
	EndGlobalSection
	GlobalSection(SolutionProperties) = preSolution
		HideSolutionNode = FALSE
	EndGlobalSection
	GlobalSection(ExtensibilityGlobals) = postSolution
		SolutionGuid = {0F6FB462-0416-40B3-90A2-56C549FD8000}
	EndGlobalSection
EndGlobal
